
Microsoft Visual Studio Solution File, Format Version 12.00
# Visual Studio Version 17
VisualStudioVersion = 17.7.34031.279
MinimumVisualStudioVersion = 10.0.40219.1
Project("{FAE04EC0-301F-11D3-BF4B-00C04F79EFBC}") = "Практос №2", "Практос №2\Практос №2.csproj", "{12B61B7B-E10A-44EE-9346-3C5C1467FBF2}"
EndProject
Global
	GlobalSection(SolutionConfigurationPlatforms) = preSolution
		Debug|Any CPU = Debug|Any CPU
		Release|Any CPU = Release|Any CPU
	EndGlobalSection
	GlobalSection(ProjectConfigurationPlatforms) = postSolution
		{12B61B7B-E10A-44EE-9346-3C5C1467FBF2}.Debug|Any CPU.ActiveCfg = Debug|Any CPU
		{12B61B7B-E10A-44EE-9346-3C5C1467FBF2}.Debug|Any CPU.Build.0 = Debug|Any CPU
		{12B61B7B-E10A-44EE-9346-3C5C1467FBF2}.Release|Any CPU.ActiveCfg = Release|Any CPU
		{12B61B7B-E10A-44EE-9346-3C5C1467FBF2}.Release|Any CPU.Build.0 = Release|Any CPU
	EndGlobalSection
	GlobalSection(SolutionProperties) = preSolution
		HideSolutionNode = FALSE
	EndGlobalSection
	GlobalSection(ExtensibilityGlobals) = postSolution
		SolutionGuid = {BE674185-0DC4-4C94-839E-4B827EDC750E}
	EndGlobalSection
EndGlobal
